{
  "name": "08-memory",
  "version": "1.0.0",
  "lockfileVersion": 2,
  "requires": true,
  "packages": {
    "": {
      "name": "08-memory",
      "version": "1.0.0",
      "license": "ISC",
      "dependencies": {
        "heapdump": "^0.3.15"
      }
    },
    "node_modules/heapdump": {
      "version": "0.3.15",
      "resolved": "https://registry.npmjs.org/heapdump/-/heapdump-0.3.15.tgz",
      "integrity": "sha512-n8aSFscI9r3gfhOcAECAtXFaQ1uy4QSke6bnaL+iymYZ/dWs9cqDqHM+rALfsHUwukUbxsdlECZ0pKmJdQ/4OA==",
      "hasInstallScript": true,
      "dependencies": {
        "nan": "^2.13.2"
      },
      "engines": {
        "node": ">=0.10.0"
      }
    },
    "node_modules/nan": {
      "version": "2.16.0",
      "resolved": "https://registry.npmjs.org/nan/-/nan-2.16.0.tgz",
      "integrity": "sha512-UdAqHyFngu7TfQKsCBgAA6pWDkT8MAO7d0jyOecVhN5354xbLqdn8mV9Tat9gepAupm0bt2DbeaSC8vS52MuFA=="
    }
  },
  "dependencies": {
    "heapdump": {
      "version": "0.3.15",
      "resolved": "https://registry.npmjs.org/heapdump/-/heapdump-0.3.15.tgz",
      "integrity": "sha512-n8aSFscI9r3gfhOcAECAtXFaQ1uy4QSke6bnaL+iymYZ/dWs9cqDqHM+rALfsHUwukUbxsdlECZ0pKmJdQ/4OA==",
      "requires": {
        "nan": "^2.13.2"
      }
    },
    "nan": {
      "version": "2.16.0",
      "resolved": "https://registry.npmjs.org/nan/-/nan-2.16.0.tgz",
      "integrity": "sha512-UdAqHyFngu7TfQKsCBgAA6pWDkT8MAO7d0jyOecVhN5354xbLqdn8mV9Tat9gepAupm0bt2DbeaSC8vS52MuFA=="
    }
  }
}
